
Microsoft Visual Studio Solution File, Format Version 12.00
# Visual Studio 14
VisualStudioVersion = 14.0.25420.1
MinimumVisualStudioVersion = 10.0.40219.1
Project("{FAE04EC0-301F-11D3-BF4B-00C04F79EFBC}") = "mcr.testapp", "mcr.testapp\mcr.testapp.csproj", "{60BB6D87-D917-43F1-BF0A-B89083B8B450}"
EndProject
Project("{FAE04EC0-301F-11D3-BF4B-00C04F79EFBC}") = "mcr.core", "mcr.core\mcr.core.csproj", "{84852FD6-B5C6-4C35-A174-094CBD6C294B}"
EndProject
Project("{FAE04EC0-301F-11D3-BF4B-00C04F79EFBC}") = "mcr.tests", "mcr.tests\mcr.tests.csproj", "{B435CBD0-415F-476F-A136-930129E2EC50}"
EndProject
Global
	GlobalSection(SolutionConfigurationPlatforms) = preSolution
		Debug|Any CPU = Debug|Any CPU
		Release|Any CPU = Release|Any CPU
	EndGlobalSection
	GlobalSection(ProjectConfigurationPlatforms) = postSolution
		{60BB6D87-D917-43F1-BF0A-B89083B8B450}.Debug|Any CPU.ActiveCfg = Debug|Any CPU
		{60BB6D87-D917-43F1-BF0A-B89083B8B450}.Debug|Any CPU.Build.0 = Debug|Any CPU
		{60BB6D87-D917-43F1-BF0A-B89083B8B450}.Release|Any CPU.ActiveCfg = Release|Any CPU
		{60BB6D87-D917-43F1-BF0A-B89083B8B450}.Release|Any CPU.Build.0 = Release|Any CPU
		{84852FD6-B5C6-4C35-A174-094CBD6C294B}.Debug|Any CPU.ActiveCfg = Debug|Any CPU
		{84852FD6-B5C6-4C35-A174-094CBD6C294B}.Debug|Any CPU.Build.0 = Debug|Any CPU
		{84852FD6-B5C6-4C35-A174-094CBD6C294B}.Release|Any CPU.ActiveCfg = Release|Any CPU
		{84852FD6-B5C6-4C35-A174-094CBD6C294B}.Release|Any CPU.Build.0 = Release|Any CPU
		{B435CBD0-415F-476F-A136-930129E2EC50}.Debug|Any CPU.ActiveCfg = Debug|Any CPU
		{B435CBD0-415F-476F-A136-930129E2EC50}.Debug|Any CPU.Build.0 = Debug|Any CPU
		{B435CBD0-415F-476F-A136-930129E2EC50}.Release|Any CPU.ActiveCfg = Release|Any CPU
		{B435CBD0-415F-476F-A136-930129E2EC50}.Release|Any CPU.Build.0 = Release|Any CPU
	EndGlobalSection
	GlobalSection(SolutionProperties) = preSolution
		HideSolutionNode = FALSE
	EndGlobalSection
EndGlobal
